
Microsoft Visual Studio Solution File, Format Version 12.00
# Visual Studio Version 16
VisualStudioVersion = 16.0.29209.62
MinimumVisualStudioVersion = 10.0.40219.1
Project("{6EC3EE1D-3C4E-46DD-8F32-0CC8E7565705}") = "ActionGraph", "ActionGraph\ActionGraph.fsproj", "{057FA674-4C58-40C0-A0B5-67AF7689A3B1}"
EndProject
Project("{6EC3EE1D-3C4E-46DD-8F32-0CC8E7565705}") = "EchoGraph", "EchoGraph\EchoGraph.fsproj", "{55BE7002-3EF2-4229-834B-1C754A96FD2C}"
EndProject
Project("{6EC3EE1D-3C4E-46DD-8F32-0CC8E7565705}") = "ClockSample", "ClockSample\ClockSample.fsproj", "{C028CB30-1012-4E2B-BA4D-DB8A70F89D17}"
EndProject
Project("{6EC3EE1D-3C4E-46DD-8F32-0CC8E7565705}") = "RpgSample", "RpgSample\RpgSample.fsproj", "{2085EDDD-4C31-4F00-970A-E5FA0EA32F29}"
EndProject
Global
	GlobalSection(SolutionConfigurationPlatforms) = preSolution
		Debug|Any CPU = Debug|Any CPU
		Release|Any CPU = Release|Any CPU
	EndGlobalSection
	GlobalSection(ProjectConfigurationPlatforms) = postSolution
		{057FA674-4C58-40C0-A0B5-67AF7689A3B1}.Debug|Any CPU.ActiveCfg = Debug|Any CPU
		{057FA674-4C58-40C0-A0B5-67AF7689A3B1}.Debug|Any CPU.Build.0 = Debug|Any CPU
		{057FA674-4C58-40C0-A0B5-67AF7689A3B1}.Release|Any CPU.ActiveCfg = Release|Any CPU
		{057FA674-4C58-40C0-A0B5-67AF7689A3B1}.Release|Any CPU.Build.0 = Release|Any CPU
		{55BE7002-3EF2-4229-834B-1C754A96FD2C}.Debug|Any CPU.ActiveCfg = Debug|Any CPU
		{55BE7002-3EF2-4229-834B-1C754A96FD2C}.Debug|Any CPU.Build.0 = Debug|Any CPU
		{55BE7002-3EF2-4229-834B-1C754A96FD2C}.Release|Any CPU.ActiveCfg = Release|Any CPU
		{55BE7002-3EF2-4229-834B-1C754A96FD2C}.Release|Any CPU.Build.0 = Release|Any CPU
		{C028CB30-1012-4E2B-BA4D-DB8A70F89D17}.Debug|Any CPU.ActiveCfg = Debug|Any CPU
		{C028CB30-1012-4E2B-BA4D-DB8A70F89D17}.Debug|Any CPU.Build.0 = Debug|Any CPU
		{C028CB30-1012-4E2B-BA4D-DB8A70F89D17}.Release|Any CPU.ActiveCfg = Release|Any CPU
		{C028CB30-1012-4E2B-BA4D-DB8A70F89D17}.Release|Any CPU.Build.0 = Release|Any CPU
		{2085EDDD-4C31-4F00-970A-E5FA0EA32F29}.Debug|Any CPU.ActiveCfg = Debug|Any CPU
		{2085EDDD-4C31-4F00-970A-E5FA0EA32F29}.Debug|Any CPU.Build.0 = Debug|Any CPU
		{2085EDDD-4C31-4F00-970A-E5FA0EA32F29}.Release|Any CPU.ActiveCfg = Release|Any CPU
		{2085EDDD-4C31-4F00-970A-E5FA0EA32F29}.Release|Any CPU.Build.0 = Release|Any CPU
	EndGlobalSection
	GlobalSection(SolutionProperties) = preSolution
		HideSolutionNode = FALSE
	EndGlobalSection
	GlobalSection(ExtensibilityGlobals) = postSolution
		SolutionGuid = {3423DEA8-C12F-4573-853C-E492E05D95F6}
	EndGlobalSection
EndGlobal
