
Microsoft Visual Studio Solution File, Format Version 12.00
# Visual Studio Version 16
VisualStudioVersion = 16.0.29209.62
MinimumVisualStudioVersion = 10.0.40219.1
Project("{6EC3EE1D-3C4E-46DD-8F32-0CC8E7565705}") = "ActionGraph", "ActionGraph\ActionGraph.fsproj", "{057FA674-4C58-40C0-A0B5-67AF7689A3B1}"
EndProject
Global
	GlobalSection(SolutionConfigurationPlatforms) = preSolution
		Debug|Any CPU = Debug|Any CPU
		Release|Any CPU = Release|Any CPU
	EndGlobalSection
	GlobalSection(ProjectConfigurationPlatforms) = postSolution
		{057FA674-4C58-40C0-A0B5-67AF7689A3B1}.Debug|Any CPU.ActiveCfg = Debug|Any CPU
		{057FA674-4C58-40C0-A0B5-67AF7689A3B1}.Debug|Any CPU.Build.0 = Debug|Any CPU
		{057FA674-4C58-40C0-A0B5-67AF7689A3B1}.Release|Any CPU.ActiveCfg = Release|Any CPU
		{057FA674-4C58-40C0-A0B5-67AF7689A3B1}.Release|Any CPU.Build.0 = Release|Any CPU
	EndGlobalSection
	GlobalSection(SolutionProperties) = preSolution
		HideSolutionNode = FALSE
	EndGlobalSection
	GlobalSection(ExtensibilityGlobals) = postSolution
		SolutionGuid = {3423DEA8-C12F-4573-853C-E492E05D95F6}
	EndGlobalSection
EndGlobal
